// !$*UTF8*$!
{
	archiveVersion = 1;
	classes = {
	};
	objectVersion = 56;
	objects = {

/* Begin PBXBuildFile section */
		3B1877EB2BB4B76A00816707 /* QuestionBubble.swift in Sources */ = {isa = PBXBuildFile; fileRef = 3B1877EA2BB4B76A00816707 /* QuestionBubble.swift */; };
		3BA452CA2BB3154500A0B6E7 /* TriviaGameApp.swift in Sources */ = {isa = PBXBuildFile; fileRef = 3BA452C92BB3154500A0B6E7 /* TriviaGameApp.swift */; };
		3BA452CC2BB3154500A0B6E7 /* GameSetupView.swift in Sources */ = {isa = PBXBuildFile; fileRef = 3BA452CB2BB3154500A0B6E7 /* GameSetupView.swift */; };
		3BA452CE2BB3154600A0B6E7 /* Assets.xcassets in Resources */ = {isa = PBXBuildFile; fileRef = 3BA452CD2BB3154600A0B6E7 /* Assets.xcassets */; };
		3BA452D12BB3154600A0B6E7 /* Preview Assets.xcassets in Resources */ = {isa = PBXBuildFile; fileRef = 3BA452D02BB3154600A0B6E7 /* Preview Assets.xcassets */; };
		3BA452D82BB3B22300A0B6E7 /* BubbleView.swift in Sources */ = {isa = PBXBuildFile; fileRef = 3BA452D72BB3B22300A0B6E7 /* BubbleView.swift */; };
		3BA452DA2BB3B6F800A0B6E7 /* GameViewModel.swift in Sources */ = {isa = PBXBuildFile; fileRef = 3BA452D92BB3B6F800A0B6E7 /* GameViewModel.swift */; };
		3BA452DC2BB3B72E00A0B6E7 /* GameView.swift in Sources */ = {isa = PBXBuildFile; fileRef = 3BA452DB2BB3B72E00A0B6E7 /* GameView.swift */; };
		3BA452DE2BB3C64F00A0B6E7 /* Question.swift in Sources */ = {isa = PBXBuildFile; fileRef = 3BA452DD2BB3C64F00A0B6E7 /* Question.swift */; };
/* End PBXBuildFile section */

/* Begin PBXFileReference section */
		3B1877EA2BB4B76A00816707 /* QuestionBubble.swift */ = {isa = PBXFileReference; lastKnownFileType = sourcecode.swift; path = QuestionBubble.swift; sourceTree = "<group>"; };
		3BA452C62BB3154500A0B6E7 /* TriviaGame.app */ = {isa = PBXFileReference; explicitFileType = wrapper.application; includeInIndex = 0; path = TriviaGame.app; sourceTree = BUILT_PRODUCTS_DIR; };
		3BA452C92BB3154500A0B6E7 /* TriviaGameApp.swift */ = {isa = PBXFileReference; lastKnownFileType = sourcecode.swift; path = TriviaGameApp.swift; sourceTree = "<group>"; };
		3BA452CB2BB3154500A0B6E7 /* GameSetupView.swift */ = {isa = PBXFileReference; lastKnownFileType = sourcecode.swift; path = GameSetupView.swift; sourceTree = "<group>"; };
		3BA452CD2BB3154600A0B6E7 /* Assets.xcassets */ = {isa = PBXFileReference; lastKnownFileType = folder.assetcatalog; path = Assets.xcassets; sourceTree = "<group>"; };
		3BA452D02BB3154600A0B6E7 /* Preview Assets.xcassets */ = {isa = PBXFileReference; lastKnownFileType = folder.assetcatalog; path = "Preview Assets.xcassets"; sourceTree = "<group>"; };
		3BA452D72BB3B22300A0B6E7 /* BubbleView.swift */ = {isa = PBXFileReference; lastKnownFileType = sourcecode.swift; path = BubbleView.swift; sourceTree = "<group>"; };
		3BA452D92BB3B6F800A0B6E7 /* GameViewModel.swift */ = {isa = PBXFileReference; lastKnownFileType = sourcecode.swift; path = GameViewModel.swift; sourceTree = "<group>"; };
		3BA452DB2BB3B72E00A0B6E7 /* GameView.swift */ = {isa = PBXFileReference; lastKnownFileType = sourcecode.swift; path = GameView.swift; sourceTree = "<group>"; };
		3BA452DD2BB3C64F00A0B6E7 /* Question.swift */ = {isa = PBXFileReference; lastKnownFileType = sourcecode.swift; path = Question.swift; sourceTree = "<group>"; };
/* End PBXFileReference section */

/* Begin PBXFrameworksBuildPhase section */
		3BA452C32BB3154500A0B6E7 /* Frameworks */ = {
			isa = PBXFrameworksBuildPhase;
			buildActionMask = 2147483647;
			files = (
			);
			runOnlyForDeploymentPostprocessing = 0;
		};
/* End PBXFrameworksBuildPhase section */

/* Begin PBXGroup section */
		3BA452BD2BB3154500A0B6E7 = {
			isa = PBXGroup;
			children = (
				3BA452C82BB3154500A0B6E7 /* TriviaGame */,
				3BA452C72BB3154500A0B6E7 /* Products */,
			);
			sourceTree = "<group>";
		};
		3BA452C72BB3154500A0B6E7 /* Products */ = {
			isa = PBXGroup;
			children = (
				3BA452C62BB3154500A0B6E7 /* TriviaGame.app */,
			);
			name = Products;
			sourceTree = "<group>";
		};
		3BA452C82BB3154500A0B6E7 /* TriviaGame */ = {
			isa = PBXGroup;
			children = (
				3BA452C92BB3154500A0B6E7 /* TriviaGameApp.swift */,
				3BA452CB2BB3154500A0B6E7 /* GameSetupView.swift */,
				3BA452CD2BB3154600A0B6E7 /* Assets.xcassets */,
				3BA452CF2BB3154600A0B6E7 /* Preview Content */,
				3BA452D72BB3B22300A0B6E7 /* BubbleView.swift */,
				3BA452D92BB3B6F800A0B6E7 /* GameViewModel.swift */,
				3BA452DB2BB3B72E00A0B6E7 /* GameView.swift */,
				3B1877EA2BB4B76A00816707 /* QuestionBubble.swift */,
				3BA452DD2BB3C64F00A0B6E7 /* Question.swift */,
			);
			path = TriviaGame;
			sourceTree = "<group>";
		};
		3BA452CF2BB3154600A0B6E7 /* Preview Content */ = {
			isa = PBXGroup;
			children = (
				3BA452D02BB3154600A0B6E7 /* Preview Assets.xcassets */,
			);
			path = "Preview Content";
			sourceTree = "<group>";
		};
/* End PBXGroup section */

/* Begin PBXNativeTarget section */
		3BA452C52BB3154500A0B6E7 /* TriviaGame */ = {
			isa = PBXNativeTarget;
			buildConfigurationList = 3BA452D42BB3154600A0B6E7 /* Build configuration list for PBXNativeTarget "TriviaGame" */;
			buildPhases = (
				3BA452C22BB3154500A0B6E7 /* Sources */,
				3BA452C32BB3154500A0B6E7 /* Frameworks */,
				3BA452C42BB3154500A0B6E7 /* Resources */,
			);
			buildRules = (
			);
			dependencies = (
			);
			name = TriviaGame;
			productName = TriviaGame;
			productReference = 3BA452C62BB3154500A0B6E7 /* TriviaGame.app */;
			productType = "com.apple.product-type.application";
		};
/* End PBXNativeTarget section */

/* Begin PBXProject section */
		3BA452BE2BB3154500A0B6E7 /* Project object */ = {
			isa = PBXProject;
			attributes = {
				BuildIndependentTargetsInParallel = 1;
				LastSwiftUpdateCheck = 1520;
				LastUpgradeCheck = 1520;
				TargetAttributes = {
					3BA452C52BB3154500A0B6E7 = {
						CreatedOnToolsVersion = 15.2;
					};
				};
			};
			buildConfigurationList = 3BA452C12BB3154500A0B6E7 /* Build configuration list for PBXProject "TriviaGame" */;
			compatibilityVersion = "Xcode 14.0";
			developmentRegion = en;
			hasScannedForEncodings = 0;
			knownRegions = (
				en,
				Base,
			);
			mainGroup = 3BA452BD2BB3154500A0B6E7;
			productRefGroup = 3BA452C72BB3154500A0B6E7 /* Products */;
			projectDirPath = "";
			projectRoot = "";
			targets = (
				3BA452C52BB3154500A0B6E7 /* TriviaGame */,
			);
		};
/* End PBXProject section */

/* Begin PBXResourcesBuildPhase section */
		3BA452C42BB3154500A0B6E7 /* Resources */ = {
			isa = PBXResourcesBuildPhase;
			buildActionMask = 2147483647;
			files = (
				3BA452D12BB3154600A0B6E7 /* Preview Assets.xcassets in Resources */,
				3BA452CE2BB3154600A0B6E7 /* Assets.xcassets in Resources */,
			);
			runOnlyForDeploymentPostprocessing = 0;
		};
/* End PBXResourcesBuildPhase section */

/* Begin PBXSourcesBuildPhase section */
		3BA452C22BB3154500A0B6E7 /* Sources */ = {
			isa = PBXSourcesBuildPhase;
			buildActionMask = 2147483647;
			files = (
				3B1877EB2BB4B76A00816707 /* QuestionBubble.swift in Sources */,
				3BA452DA2BB3B6F800A0B6E7 /* GameViewModel.swift in Sources */,
				3BA452D82BB3B22300A0B6E7 /* BubbleView.swift in Sources */,
				3BA452CC2BB3154500A0B6E7 /* GameSetupView.swift in Sources */,
				3BA452DE2BB3C64F00A0B6E7 /* Question.swift in Sources */,
				3BA452CA2BB3154500A0B6E7 /* TriviaGameApp.swift in Sources */,
				3BA452DC2BB3B72E00A0B6E7 /* GameView.swift in Sources */,
			);
			runOnlyForDeploymentPostprocessing = 0;
		};
/* End PBXSourcesBuildPhase section */

/* Begin XCBuildConfiguration section */
		3BA452D22BB3154600A0B6E7 /* Debug */ = {
			isa = XCBuildConfiguration;
			buildSettings = {
				ALWAYS_SEARCH_USER_PATHS = NO;
				ASSETCATALOG_COMPILER_GENERATE_SWIFT_ASSET_SYMBOL_EXTENSIONS = YES;
				CLANG_ANALYZER_NONNULL = YES;
				CLANG_ANALYZER_NUMBER_OBJECT_CONVERSION = YES_AGGRESSIVE;
				CLANG_CXX_LANGUAGE_STANDARD = "gnu++20";
				CLANG_ENABLE_MODULES = YES;
				CLANG_ENABLE_OBJC_ARC = YES;
				CLANG_ENABLE_OBJC_WEAK = YES;
				CLANG_WARN_BLOCK_CAPTURE_AUTORELEASING = YES;
				CLANG_WARN_BOOL_CONVERSION = YES;
				CLANG_WARN_COMMA = YES;
				CLANG_WARN_CONSTANT_CONVERSION = YES;
				CLANG_WARN_DEPRECATED_OBJC_IMPLEMENTATIONS = YES;
				CLANG_WARN_DIRECT_OBJC_ISA_USAGE = YES_ERROR;
				CLANG_WARN_DOCUMENTATION_COMMENTS = YES;
				CLANG_WARN_EMPTY_BODY = YES;
				CLANG_WARN_ENUM_CONVERSION = YES;
				CLANG_WARN_INFINITE_RECURSION = YES;
				CLANG_WARN_INT_CONVERSION = YES;
				CLANG_WARN_NON_LITERAL_NULL_CONVERSION = YES;
				CLANG_WARN_OBJC_IMPLICIT_RETAIN_SELF = YES;
				CLANG_WARN_OBJC_LITERAL_CONVERSION = YES;
				CLANG_WARN_OBJC_ROOT_CLASS = YES_ERROR;
				CLANG_WARN_QUOTED_INCLUDE_IN_FRAMEWORK_HEADER = YES;
				CLANG_WARN_RANGE_LOOP_ANALYSIS = YES;
				CLANG_WARN_STRICT_PROTOTYPES = YES;
				CLANG_WARN_SUSPICIOUS_MOVE = YES;
				CLANG_WARN_UNGUARDED_AVAILABILITY = YES_AGGRESSIVE;
				CLANG_WARN_UNREACHABLE_CODE = YES;
				CLANG_WARN__DUPLICATE_METHOD_MATCH = YES;
				COPY_PHASE_STRIP = NO;
				DEBUG_INFORMATION_FORMAT = dwarf;
				ENABLE_STRICT_OBJC_MSGSEND = YES;
				ENABLE_TESTABILITY = YES;
				ENABLE_USER_SCRIPT_SANDBOXING = YES;
				GCC_C_LANGUAGE_STANDARD = gnu17;
				GCC_DYNAMIC_NO_PIC = NO;
				GCC_NO_COMMON_BLOCKS = YES;
				GCC_OPTIMIZATION_LEVEL = 0;
				GCC_PREPROCESSOR_DEFINITIONS = (
					"DEBUG=1",
					"$(inherited)",
				);
				GCC_WARN_64_TO_32_BIT_CONVERSION = YES;
				GCC_WARN_ABOUT_RETURN_TYPE = YES_ERROR;
				GCC_WARN_UNDECLARED_SELECTOR = YES;
				GCC_WARN_UNINITIALIZED_AUTOS = YES_AGGRESSIVE;
				GCC_WARN_UNUSED_FUNCTION = YES;
				GCC_WARN_UNUSED_VARIABLE = YES;
				IPHONEOS_DEPLOYMENT_TARGET = 17.2;
				LOCALIZATION_PREFERS_STRING_CATALOGS = YES;
				MTL_ENABLE_DEBUG_INFO = INCLUDE_SOURCE;
				MTL_FAST_MATH = YES;
				ONLY_ACTIVE_ARCH = YES;
				SDKROOT = iphoneos;
				SWIFT_ACTIVE_COMPILATION_CONDITIONS = "DEBUG $(inherited)";
				SWIFT_OPTIMIZATION_LEVEL = "-Onone";
			};
			name = Debug;
		};
		3BA452D32BB3154600A0B6E7 /* Release */ = {
			isa = XCBuildConfiguration;
			buildSettings = {
				ALWAYS_SEARCH_USER_PATHS = NO;
				ASSETCATALOG_COMPILER_GENERATE_SWIFT_ASSET_SYMBOL_EXTENSIONS = YES;
				CLANG_ANALYZER_NONNULL = YES;
				CLANG_ANALYZER_NUMBER_OBJECT_CONVERSION = YES_AGGRESSIVE;
				CLANG_CXX_LANGUAGE_STANDARD = "gnu++20";
				CLANG_ENABLE_MODULES = YES;
				CLANG_ENABLE_OBJC_ARC = YES;
				CLANG_ENABLE_OBJC_WEAK = YES;
				CLANG_WARN_BLOCK_CAPTURE_AUTORELEASING = YES;
				CLANG_WARN_BOOL_CONVERSION = YES;
				CLANG_WARN_COMMA = YES;
				CLANG_WARN_CONSTANT_CONVERSION = YES;
				CLANG_WARN_DEPRECATED_OBJC_IMPLEMENTATIONS = YES;
				CLANG_WARN_DIRECT_OBJC_ISA_USAGE = YES_ERROR;
				CLANG_WARN_DOCUMENTATION_COMMENTS = YES;
				CLANG_WARN_EMPTY_BODY = YES;
				CLANG_WARN_ENUM_CONVERSION = YES;
				CLANG_WARN_INFINITE_RECURSION = YES;
				CLANG_WARN_INT_CONVERSION = YES;
				CLANG_WARN_NON_LITERAL_NULL_CONVERSION = YES;
				CLANG_WARN_OBJC_IMPLICIT_RETAIN_SELF = YES;
				CLANG_WARN_OBJC_LITERAL_CONVERSION = YES;
				CLANG_WARN_OBJC_ROOT_CLASS = YES_ERROR;
				CLANG_WARN_QUOTED_INCLUDE_IN_FRAMEWORK_HEADER = YES;
				CLANG_WARN_RANGE_LOOP_ANALYSIS = YES;
				CLANG_WARN_STRICT_PROTOTYPES = YES;
				CLANG_WARN_SUSPICIOUS_MOVE = YES;
				CLANG_WARN_UNGUARDED_AVAILABILITY = YES_AGGRESSIVE;
				CLANG_WARN_UNREACHABLE_CODE = YES;
				CLANG_WARN__DUPLICATE_METHOD_MATCH = YES;
				COPY_PHASE_STRIP = NO;
				DEBUG_INFORMATION_FORMAT = "dwarf-with-dsym";
				ENABLE_NS_ASSERTIONS = NO;
				ENABLE_STRICT_OBJC_MSGSEND = YES;
				ENABLE_USER_SCRIPT_SANDBOXING = YES;
				GCC_C_LANGUAGE_STANDARD = gnu17;
				GCC_NO_COMMON_BLOCKS = YES;
				GCC_WARN_64_TO_32_BIT_CONVERSION = YES;
				GCC_WARN_ABOUT_RETURN_TYPE = YES_ERROR;
				GCC_WARN_UNDECLARED_SELECTOR = YES;
				GCC_WARN_UNINITIALIZED_AUTOS = YES_AGGRESSIVE;
				GCC_WARN_UNUSED_FUNCTION = YES;
				GCC_WARN_UNUSED_VARIABLE = YES;
				IPHONEOS_DEPLOYMENT_TARGET = 17.2;
				LOCALIZATION_PREFERS_STRING_CATALOGS = YES;
				MTL_ENABLE_DEBUG_INFO = NO;
				MTL_FAST_MATH = YES;
				SDKROOT = iphoneos;
				SWIFT_COMPILATION_MODE = wholemodule;
				VALIDATE_PRODUCT = YES;
			};
			name = Release;
		};
		3BA452D52BB3154600A0B6E7 /* Debug */ = {
			isa = XCBuildConfiguration;
			buildSettings = {
				ASSETCATALOG_COMPILER_APPICON_NAME = AppIcon;
				ASSETCATALOG_COMPILER_GLOBAL_ACCENT_COLOR_NAME = AccentColor;
				CODE_SIGN_STYLE = Automatic;
				CURRENT_PROJECT_VERSION = 1;
				DEVELOPMENT_ASSET_PATHS = "\"TriviaGame/Preview Content\"";
				DEVELOPMENT_TEAM = 58UVGY2A54;
				ENABLE_PREVIEWS = YES;
				GENERATE_INFOPLIST_FILE = YES;
				INFOPLIST_KEY_UIApplicationSceneManifest_Generation = YES;
				INFOPLIST_KEY_UIApplicationSupportsIndirectInputEvents = YES;
				INFOPLIST_KEY_UILaunchScreen_Generation = YES;
				INFOPLIST_KEY_UISupportedInterfaceOrientations_iPad = "UIInterfaceOrientationPortrait UIInterfaceOrientationPortraitUpsideDown UIInterfaceOrientationLandscapeLeft UIInterfaceOrientationLandscapeRight";
				INFOPLIST_KEY_UISupportedInterfaceOrientations_iPhone = "UIInterfaceOrientationPortrait UIInterfaceOrientationLandscapeLeft UIInterfaceOrientationLandscapeRight";
				INFOPLIST_KEY_UIUserInterfaceStyle = Light;
				LD_RUNPATH_SEARCH_PATHS = (
					"$(inherited)",
					"@executable_path/Frameworks",
				);
				MARKETING_VERSION = 1.0;
				PRODUCT_BUNDLE_IDENTIFIER = com.MInaKrani.TriviaGame;
				PRODUCT_NAME = "$(TARGET_NAME)";
				SWIFT_EMIT_LOC_STRINGS = YES;
				SWIFT_VERSION = 5.0;
				TARGETED_DEVICE_FAMILY = "1,2";
			};
			name = Debug;
		};
		3BA452D62BB3154600A0B6E7 /* Release */ = {
			isa = XCBuildConfiguration;
			buildSettings = {
				ASSETCATALOG_COMPILER_APPICON_NAME = AppIcon;
				ASSETCATALOG_COMPILER_GLOBAL_ACCENT_COLOR_NAME = AccentColor;
				CODE_SIGN_STYLE = Automatic;
				CURRENT_PROJECT_VERSION = 1;
				DEVELOPMENT_ASSET_PATHS = "\"TriviaGame/Preview Content\"";
				DEVELOPMENT_TEAM = 58UVGY2A54;
				ENABLE_PREVIEWS = YES;
				GENERATE_INFOPLIST_FILE = YES;
				INFOPLIST_KEY_UIApplicationSceneManifest_Generation = YES;
				INFOPLIST_KEY_UIApplicationSupportsIndirectInputEvents = YES;
				INFOPLIST_KEY_UILaunchScreen_Generation = YES;
				INFOPLIST_KEY_UISupportedInterfaceOrientations_iPad = "UIInterfaceOrientationPortrait UIInterfaceOrientationPortraitUpsideDown UIInterfaceOrientationLandscapeLeft UIInterfaceOrientationLandscapeRight";
				INFOPLIST_KEY_UISupportedInterfaceOrientations_iPhone = "UIInterfaceOrientationPortrait UIInterfaceOrientationLandscapeLeft UIInterfaceOrientationLandscapeRight";
				INFOPLIST_KEY_UIUserInterfaceStyle = Light;
				LD_RUNPATH_SEARCH_PATHS = (
					"$(inherited)",
					"@executable_path/Frameworks",
				);
				MARKETING_VERSION = 1.0;
				PRODUCT_BUNDLE_IDENTIFIER = com.MInaKrani.TriviaGame;
				PRODUCT_NAME = "$(TARGET_NAME)";
				SWIFT_EMIT_LOC_STRINGS = YES;
				SWIFT_VERSION = 5.0;
				TARGETED_DEVICE_FAMILY = "1,2";
			};
			name = Release;
		};
/* End XCBuildConfiguration section */

/* Begin XCConfigurationList section */
		3BA452C12BB3154500A0B6E7 /* Build configuration list for PBXProject "TriviaGame" */ = {
			isa = XCConfigurationList;
			buildConfigurations = (
				3BA452D22BB3154600A0B6E7 /* Debug */,
				3BA452D32BB3154600A0B6E7 /* Release */,
			);
			defaultConfigurationIsVisible = 0;
			defaultConfigurationName = Release;
		};
		3BA452D42BB3154600A0B6E7 /* Build configuration list for PBXNativeTarget "TriviaGame" */ = {
			isa = XCConfigurationList;
			buildConfigurations = (
				3BA452D52BB3154600A0B6E7 /* Debug */,
				3BA452D62BB3154600A0B6E7 /* Release */,
			);
			defaultConfigurationIsVisible = 0;
			defaultConfigurationName = Release;
		};
/* End XCConfigurationList section */
	};
	rootObject = 3BA452BE2BB3154500A0B6E7 /* Project object */;
}
